
Microsoft Visual Studio Solution File, Format Version 12.00
# Visual Studio Version 17
VisualStudioVersion = 17.13.35919.96 d17.13
MinimumVisualStudioVersion = 10.0.40219.1
Project("{FAE04EC0-301F-11D3-BF4B-00C04F79EFBC}") = "Mygame_rpg", "Mygame_rpg.csproj", "{485280F1-1BDA-4BB2-84DA-D891AD37E7C5}"
EndProject
Global
	GlobalSection(SolutionConfigurationPlatforms) = preSolution
		Debug|Any CPU = Debug|Any CPU
		Release|Any CPU = Release|Any CPU
	EndGlobalSection
	GlobalSection(ProjectConfigurationPlatforms) = postSolution
		{485280F1-1BDA-4BB2-84DA-D891AD37E7C5}.Debug|Any CPU.ActiveCfg = Debug|Any CPU
		{485280F1-1BDA-4BB2-84DA-D891AD37E7C5}.Debug|Any CPU.Build.0 = Debug|Any CPU
		{485280F1-1BDA-4BB2-84DA-D891AD37E7C5}.Release|Any CPU.ActiveCfg = Release|Any CPU
		{485280F1-1BDA-4BB2-84DA-D891AD37E7C5}.Release|Any CPU.Build.0 = Release|Any CPU
	EndGlobalSection
	GlobalSection(SolutionProperties) = preSolution
		HideSolutionNode = FALSE
	EndGlobalSection
	GlobalSection(ExtensibilityGlobals) = postSolution
		SolutionGuid = {0D4A4F48-1871-4CD8-9720-76B80E27D941}
	EndGlobalSection
EndGlobal
