
Microsoft Visual Studio Solution File, Format Version 12.00
# Visual Studio Version 17
VisualStudioVersion = 17.13.35919.96 d17.13
MinimumVisualStudioVersion = 10.0.40219.1
Project("{FAE04EC0-301F-11D3-BF4B-00C04F79EFBC}") = "MyRandom", "MyRandom.csproj", "{DA524D08-09B7-4088-8454-8F668F81D3E9}"
EndProject
Global
	GlobalSection(SolutionConfigurationPlatforms) = preSolution
		Debug|Any CPU = Debug|Any CPU
		Release|Any CPU = Release|Any CPU
	EndGlobalSection
	GlobalSection(ProjectConfigurationPlatforms) = postSolution
		{DA524D08-09B7-4088-8454-8F668F81D3E9}.Debug|Any CPU.ActiveCfg = Debug|Any CPU
		{DA524D08-09B7-4088-8454-8F668F81D3E9}.Debug|Any CPU.Build.0 = Debug|Any CPU
		{DA524D08-09B7-4088-8454-8F668F81D3E9}.Release|Any CPU.ActiveCfg = Release|Any CPU
		{DA524D08-09B7-4088-8454-8F668F81D3E9}.Release|Any CPU.Build.0 = Release|Any CPU
	EndGlobalSection
	GlobalSection(SolutionProperties) = preSolution
		HideSolutionNode = FALSE
	EndGlobalSection
	GlobalSection(ExtensibilityGlobals) = postSolution
		SolutionGuid = {90BDE3A8-9183-4864-86DE-C980CE16971B}
	EndGlobalSection
EndGlobal
